
Microsoft Visual Studio Solution File, Format Version 12.00
# Visual Studio 15
VisualStudioVersion = 15.0.27130.2036
MinimumVisualStudioVersion = 10.0.40219.1
Project("{2150E333-8FDC-42A3-9474-1A3956D46DE8}") = "LotteryDispatcher", "LotteryDispatcher", "{6F364ECB-76BE-42E0-96D8-36DD069F95ED}"
EndProject
Project("{9A19103F-16F7-4668-BE54-9A1E7A4F7556}") = "Baibaocp.LotteryDispatching.Abstractions", "src\Baibaocp.LotteryDispatcher.Abstractions\Baibaocp.LotteryDispatching.Abstractions.csproj", "{BD81984A-8D04-43CC-B29F-4D13622A0950}"
EndProject
Project("{9A19103F-16F7-4668-BE54-9A1E7A4F7556}") = "Baibaocp.LotteryOrdering.WebApi", "src\Baibaocp.LotteryOrdering.WebApi\Baibaocp.LotteryOrdering.WebApi.csproj", "{D88E91B4-9F33-4442-9951-3B58B7EAF8C0}"
EndProject
Project("{9A19103F-16F7-4668-BE54-9A1E7A4F7556}") = "Baibaocp.LotteryOrdering.ApplicationServices", "src\Baibaocp.LotteryOrdering.ApplicationServices\Baibaocp.LotteryOrdering.ApplicationServices.csproj", "{E59550DE-1D8F-49F1-B0CD-E77DF18D4123}"
EndProject
Project("{2150E333-8FDC-42A3-9474-1A3956D46DE8}") = "LotteryOrdering", "LotteryOrdering", "{AE3C234A-ADA3-4990-B661-C50F493028A3}"
EndProject
Project("{2150E333-8FDC-42A3-9474-1A3956D46DE8}") = "LotteryNotifier", "LotteryNotifier", "{A5D24445-342F-4173-A314-78D98A5CDC46}"
EndProject
Project("{9A19103F-16F7-4668-BE54-9A1E7A4F7556}") = "Baibaocp.LotteryNotifier.Abstractions", "src\Baibaocp.LotteryNotifier.Abstractions\Baibaocp.LotteryNotifier.Abstractions.csproj", "{66D3DDFB-C23A-40EA-BCF1-F1B7D1841B4A}"
EndProject
Project("{9A19103F-16F7-4668-BE54-9A1E7A4F7556}") = "Baibaocp.LotteryNotifier.Hongdan", "src\Baibaocp.LotteryNotifier.Hongdan\Baibaocp.LotteryNotifier.Hongdan.csproj", "{1FDBD5FA-894A-460F-9404-F4BBF802D07D}"
EndProject
Project("{2150E333-8FDC-42A3-9474-1A3956D46DE8}") = "LotteryAwardCalculator", "LotteryAwardCalculator", "{72F33E4E-B236-4880-86E4-4E809C09A892}"
EndProject
Project("{9A19103F-16F7-4668-BE54-9A1E7A4F7556}") = "Baibaocp.LotteryOrdering.Validations", "src\Baibaocp.LotteryOrdering.Validations\Baibaocp.LotteryOrdering.Validations.csproj", "{7539F8E2-D04A-426B-8F4D-8A7DFEEBF5BB}"
EndProject
Project("{9A19103F-16F7-4668-BE54-9A1E7A4F7556}") = "Baibaocp.ApplicationServices.Abstractions", "src\Baibaocp.ApplicationServices.Abstractions\Baibaocp.ApplicationServices.Abstractions.csproj", "{B486841F-72E3-43A3-A990-A25D85973834}"
EndProject
Project("{9A19103F-16F7-4668-BE54-9A1E7A4F7556}") = "Fighting", "src\Fighting\Fighting.csproj", "{7E73E0D0-9404-415C-BDD4-921E5489A6D9}"
EndProject
Project("{9A19103F-16F7-4668-BE54-9A1E7A4F7556}") = "Fighting.ApplicationServices.Abstractions", "src\Fighting.ApplicationServices.Abstractions\Fighting.ApplicationServices.Abstractions.csproj", "{A617EDC4-8FEF-4D52-A87E-AB6AABF3A232}"
EndProject
Project("{9A19103F-16F7-4668-BE54-9A1E7A4F7556}") = "Fighting.Caching.Abstractions", "src\Fighting.Caching.Abstractions\Fighting.Caching.Abstractions.csproj", "{FED2EDD2-0051-48EC-A99E-7092EBE6924C}"
EndProject
Project("{9A19103F-16F7-4668-BE54-9A1E7A4F7556}") = "Fighting.Caching.Redis", "src\Fighting.Caching.Redis\Fighting.Caching.Redis.csproj", "{24B0AA20-36EA-4FA1-ACBC-EEF1D02FB87A}"
EndProject
Project("{9A19103F-16F7-4668-BE54-9A1E7A4F7556}") = "Fighting.Hosting", "src\Fighting.Hosting\Fighting.Hosting.csproj", "{0F217F45-14B0-403A-BDD5-7262A5A01137}"
EndProject
Project("{9A19103F-16F7-4668-BE54-9A1E7A4F7556}") = "Fighting.Storaging.Abstractions", "src\Fighting.Storaging.Abstractions\Fighting.Storaging.Abstractions.csproj", "{7CA1DC4E-8271-4E9B-B192-4F136FE45C92}"
EndProject
Project("{9A19103F-16F7-4668-BE54-9A1E7A4F7556}") = "Fighting.Storaging.Dapper", "src\Fighting.Storaging.Dapper\Fighting.Storaging.Dapper.csproj", "{34FF65A1-7B6D-43B4-AEE4-016F9C55E141}"
EndProject
Project("{9A19103F-16F7-4668-BE54-9A1E7A4F7556}") = "Baibaocp.ApplicationServices", "src\Baibaocp.ApplicationServices\Baibaocp.ApplicationServices.csproj", "{652152CE-89E3-45AA-B146-E9CB3D02D21D}"
EndProject
Project("{9A19103F-16F7-4668-BE54-9A1E7A4F7556}") = "Baibaocp.LotteryAwardCalculator.Abstractions", "src\Baibaocp.LotteryAwardCalculator.Abstractions\Baibaocp.LotteryAwardCalculator.Abstractions.csproj", "{2AA1F01A-6AFB-4A65-8467-E469DF5E39EA}"
EndProject
Project("{9A19103F-16F7-4668-BE54-9A1E7A4F7556}") = "Baibaocp.LotteryAwardCalculator.Hosting", "src\Baibaocp.LotteryAwardCalculator.Hosting\Baibaocp.LotteryAwardCalculator.Hosting.csproj", "{310DF826-C010-4FFC-80C2-872323262CFF}"
EndProject
Project("{9A19103F-16F7-4668-BE54-9A1E7A4F7556}") = "Fighting.Storaging.EntityFrameworkCore.Abstractions", "src\Fighting.Storaging.EntityFrameworkCore.Abstractions\Fighting.Storaging.EntityFrameworkCore.Abstractions.csproj", "{7B6BECF2-4AE1-4D6B-8497-E99494E81024}"
EndProject
Project("{9A19103F-16F7-4668-BE54-9A1E7A4F7556}") = "Baibaocp.LotteryOrdering.EntityFrameworkCore", "src\Baibaocp.LotteryOrdering.EntityFrameworkCore\Baibaocp.LotteryOrdering.EntityFrameworkCore.csproj", "{763347D7-9D5F-4656-9FBA-036E50ADA04F}"
EndProject
Project("{9A19103F-16F7-4668-BE54-9A1E7A4F7556}") = "Baibaocp.LotteryOrdering.ApplicationServices.Abstractions", "src\Baibaocp.LotteryOrdering.ApplicationServices.Abstractions\Baibaocp.LotteryOrdering.ApplicationServices.Abstractions.csproj", "{11BBB184-98A9-4E16-BE77-45632972DB21}"
EndProject
Project("{9A19103F-16F7-4668-BE54-9A1E7A4F7556}") = "Baibaocp.Storaging", "src\Baibaocp.Storaging\Baibaocp.Storaging.csproj", "{5A05B96B-DEB1-4A06-9EAA-6550F251C248}"
EndProject
Project("{9A19103F-16F7-4668-BE54-9A1E7A4F7556}") = "Baibaocp.Storaging.EntityFrameworkCore", "src\Baibaocp.Storaging.EntityFrameworkCore\Baibaocp.Storaging.EntityFrameworkCore.csproj", "{5EAA0BBD-976C-4952-803C-2EE2B4090BBD}"
EndProject
Project("{9A19103F-16F7-4668-BE54-9A1E7A4F7556}") = "Fighting.Spider", "src\Fighting.Spider\Fighting.Spider.csproj", "{A228236D-B2D8-4952-8259-1C394F39AD07}"
EndProject
Project("{9A19103F-16F7-4668-BE54-9A1E7A4F7556}") = "Fighting.Spider.Abstractions", "src\Fighting.Spider.Abstractions\Fighting.Spider.Abstractions.csproj", "{70C0D352-3EAE-4229-BAAB-0721602E4BD1}"
EndProject
Project("{9A19103F-16F7-4668-BE54-9A1E7A4F7556}") = "Fighting.Spider.HtmlAgilityPack.Css", "src\Fighting.Spider.HtmlAgilityPack.Css\Fighting.Spider.HtmlAgilityPack.Css.csproj", "{78DE7A1F-3ACA-46DF-AB81-9DAFD88E9AEE}"
EndProject
Project("{2150E333-8FDC-42A3-9474-1A3956D46DE8}") = "LotterySpiders", "LotterySpiders", "{87C0C9BE-1159-4D8E-9103-D07E9A769F76}"
EndProject
Project("{9A19103F-16F7-4668-BE54-9A1E7A4F7556}") = "Baibaocp.Spider.BjPks", "src\Baibaocp.Spider.BjPks\Baibaocp.Spider.BjPks.csproj", "{DAE2FFF6-99BD-474B-9B05-D62136746550}"
EndProject
Project("{9A19103F-16F7-4668-BE54-9A1E7A4F7556}") = "Fighting.Scheduling.Abstractions", "src\Fighting.Scheduling.Abstractions\Fighting.Scheduling.Abstractions.csproj", "{1C5BA4A0-A541-48BF-9FEB-EC68B118BE4C}"
EndProject
Project("{9A19103F-16F7-4668-BE54-9A1E7A4F7556}") = "Baibaocp.Scheduling.Hosting", "src\Baibaocp.Scheduling.Hosting\Baibaocp.Scheduling.Hosting.csproj", "{FB896374-9BE9-4557-90CB-FECA44CA1179}"
EndProject
Project("{9A19103F-16F7-4668-BE54-9A1E7A4F7556}") = "Baibaocp.Scheduling.Abstractions", "src\Baibaocp.Scheduling.Abstractions\Baibaocp.Scheduling.Abstractions.csproj", "{ED38B68A-2677-4ABA-BC52-0DF70C57450B}"
EndProject
Project("{9A19103F-16F7-4668-BE54-9A1E7A4F7556}") = "Baibaocp.Scheduling", "src\Baibaocp.Scheduling\Baibaocp.Scheduling.csproj", "{4532C14E-599B-4D5F-92BE-DCB4062004AE}"
EndProject
Project("{9A19103F-16F7-4668-BE54-9A1E7A4F7556}") = "Fighting.Scheduling.MongoStorage", "src\Fighting.Scheduling.MongoStorage\Fighting.Scheduling.MongoStorage.csproj", "{077A499D-9F30-4FCA-A367-835D168313C4}"
EndProject
Project("{9A19103F-16F7-4668-BE54-9A1E7A4F7556}") = "Fighting.Scheduling.Mysql", "src\Fighting.Scheduling.Mysql\Fighting.Scheduling.Mysql.csproj", "{D6EA68B4-39A8-4133-8194-E079BEBF38FA}"
EndProject
Project("{9A19103F-16F7-4668-BE54-9A1E7A4F7556}") = "Baibaocp.LotteryOrdering.MessageServices", "src\Baibaocp.LotteryOrdering.MessageServices\Baibaocp.LotteryOrdering.MessageServices.csproj", "{F3A5E591-6406-4A1C-87F3-035216EA42E0}"
EndProject
Project("{9A19103F-16F7-4668-BE54-9A1E7A4F7556}") = "Baibaocp.LotteryOrdering.MessageServices.Abstractions", "src\Baibaocp.LotteryOrdering.MessageServices.Abstractions\Baibaocp.LotteryOrdering.MessageServices.Abstractions.csproj", "{359FD25C-F98F-41B8-B8A0-A30D937AB4BA}"
EndProject
Project("{9A19103F-16F7-4668-BE54-9A1E7A4F7556}") = "Baibaocp.LotteryOrdering.Core", "src\Baibaocp.LotteryOrdering.Core\Baibaocp.LotteryOrdering.Core.csproj", "{43246301-57A2-485E-9201-D6AB1499DE00}"
EndProject
Project("{9A19103F-16F7-4668-BE54-9A1E7A4F7556}") = "Baibaocp.LotteryOrdering.Scheduling", "src\Baibaocp.LotteryOrdering.Scheduling\Baibaocp.LotteryOrdering.Scheduling.csproj", "{3E930A67-73BF-4ADF-B86A-7EA6D7FBC4A8}"
EndProject
Project("{9A19103F-16F7-4668-BE54-9A1E7A4F7556}") = "Baibaocp.LotteryOrdering.Scheduling.Abstractions", "src\Baibaocp.LotteryOrdering.Scheduling.Abstractions\Baibaocp.LotteryOrdering.Scheduling.Abstractions.csproj", "{866D692F-A37B-4489-A4BB-EC90A5F36C0F}"
EndProject
Project("{9A19103F-16F7-4668-BE54-9A1E7A4F7556}") = "Baibaocp.LotteryDispatching.Liangcai.Ordering", "src\Baibaocp.LotteryDispatching.Liangcai.Ordering\Baibaocp.LotteryDispatching.Liangcai.Ordering.csproj", "{73D52994-3AB8-477A-8041-06BFA545E172}"
EndProject
Project("{9A19103F-16F7-4668-BE54-9A1E7A4F7556}") = "Baibaocp.LotteryDispatching.Liangcai.Awarding", "src\Baibaocp.LotteryDispatching.Liangcai.Awarding\Baibaocp.LotteryDispatching.Liangcai.Awarding.csproj", "{9513FC41-6BD2-4EAD-8795-9534BE30C1F6}"
EndProject
Project("{9A19103F-16F7-4668-BE54-9A1E7A4F7556}") = "Baibaocp.LotteryDispatching.Liangcai.Ticketing", "src\Baibaocp.LotteryDispatching.Liangcai.Ticketing\Baibaocp.LotteryDispatching.Liangcai.Ticketing.csproj", "{97C764C2-90F3-465C-A3EA-79B3D6FE4D0D}"
EndProject
Project("{2150E333-8FDC-42A3-9474-1A3956D46DE8}") = "Liangcai", "Liangcai", "{03618F33-C0F4-436D-BA3C-A14EC3894F1F}"
EndProject
Project("{9A19103F-16F7-4668-BE54-9A1E7A4F7556}") = "Baibaocp.LotteryDispatching.Liangcai.Abstractions", "src\Baibaocp.LotteryDispatching.Liangcai.Abstractions\Baibaocp.LotteryDispatching.Liangcai.Abstractions.csproj", "{0F5CD102-0F0A-4DA0-B7BF-6D9FA0CD9A93}"
EndProject
Project("{9A19103F-16F7-4668-BE54-9A1E7A4F7556}") = "Fighting.Orleans.Abstractions", "src\Fighting.Orleans.Abstractions\Fighting.Orleans.Abstractions.csproj", "{7BA4098D-CBEB-46CA-B144-26176505BF60}"
EndProject
Project("{9A19103F-16F7-4668-BE54-9A1E7A4F7556}") = "Fighting.Orleans.ClientCluster", "src\Fighting.Orleans.ClientCluster\Fighting.Orleans.ClientCluster.csproj", "{61CF2894-9695-426E-AC89-152A5048FDCB}"
EndProject
Project("{9A19103F-16F7-4668-BE54-9A1E7A4F7556}") = "Fighting.Orleans.ServerCluster", "src\Fighting.Orleans.ServerCluster\Fighting.Orleans.ServerCluster.csproj", "{C389C2DB-CAF7-47AF-8C08-C91E4463EABF}"
EndProject
Project("{9A19103F-16F7-4668-BE54-9A1E7A4F7556}") = "Baibaocp.LotteryOrdering.MessageServices.Hosting", "src\Baibaocp.LotteryOrdering.MessageServices.Hosting\Baibaocp.LotteryOrdering.MessageServices.Hosting.csproj", "{B92DE4CA-9A1C-4D25-85FB-6462D5727C77}"
EndProject
Project("{9A19103F-16F7-4668-BE54-9A1E7A4F7556}") = "Fighting.MessageServices.Abstractions", "src\Fighting.MessageServices.Abstractions\Fighting.MessageServices.Abstractions.csproj", "{298CBD65-33DD-439E-905C-27CD01303CAE}"
EndProject
Project("{9A19103F-16F7-4668-BE54-9A1E7A4F7556}") = "Baibaocp.LotteryDispatching.Suicai.Abstractions", "src\Baibaocp.LotteryDispatching.Suicai.Abstractions\Baibaocp.LotteryDispatching.Suicai.Abstractions.csproj", "{D664DB99-E5CE-47FE-842A-750528675DCF}"
EndProject
Project("{2150E333-8FDC-42A3-9474-1A3956D46DE8}") = "Suicai", "Suicai", "{077F5E93-E83F-447B-9F4E-A1C2F3CCEA39}"
EndProject
Project("{9A19103F-16F7-4668-BE54-9A1E7A4F7556}") = "Baibaocp.LotteryDispatching.Suicai.Ordering", "src\Baibaocp.LotteryDispatching.Suicai.Ordering\Baibaocp.LotteryDispatching.Suicai.Ordering.csproj", "{F975E0E1-69DE-4446-AA51-93CDBE5C0ACA}"
EndProject
Project("{9A19103F-16F7-4668-BE54-9A1E7A4F7556}") = "Baibaocp.LotteryDispatching.Suicai.Ticketing", "src\Baibaocp.LotteryDispatching.Suicai.Ticketing\Baibaocp.LotteryDispatching.Suicai.Ticketing.csproj", "{628ACE0E-77D5-4AAE-B1B6-8432983C3EF9}"
EndProject
Project("{9A19103F-16F7-4668-BE54-9A1E7A4F7556}") = "Baibaocp.LotteryDispatching.Suicai.Awarding", "src\Baibaocp.LotteryDispatching.Suicai.Awarding\Baibaocp.LotteryDispatching.Suicai.Awarding.csproj", "{6647F492-FB03-4BC2-ACE9-010158244A2A}"
EndProject
Project("{9A19103F-16F7-4668-BE54-9A1E7A4F7556}") = "Baibaocp.LotteryDispatching.MessageServices.Abstractions", "src\Baibaocp.LotteryDispatching.MessageServices.Abstractions\Baibaocp.LotteryDispatching.MessageServices.Abstractions.csproj", "{A8591BF0-AE80-40F4-B9B8-145E915DBAAA}"
EndProject
Project("{9A19103F-16F7-4668-BE54-9A1E7A4F7556}") = "Baibaocp.LotteryDispatching.MessageServices", "src\Baibaocp.LotteryDispatching.MessageServices\Baibaocp.LotteryDispatching.MessageServices.csproj", "{4AD4E4BB-27A9-41DB-9199-0D34D0F177FE}"
EndProject
Project("{9A19103F-16F7-4668-BE54-9A1E7A4F7556}") = "Baibaocp.LotteryDispatching", "src\Baibaocp.LotteryDispatching\Baibaocp.LotteryDispatching.csproj", "{2CA71ADF-CF84-41CC-A81D-CE37146822E0}"
EndProject
Project("{FAE04EC0-301F-11D3-BF4B-00C04F79EFBC}") = "Baibaocp.LotteryDispatching.Scheduling.Abstractions", "src\Baibaocp.LotteryDispatching.Scheduling.Abstractions\Baibaocp.LotteryDispatching.Scheduling.Abstractions.csproj", "{1EF26C55-F81D-4D21-B7B3-EC5DDC2C8670}"
EndProject
Global
	GlobalSection(SolutionConfigurationPlatforms) = preSolution
		Debug|Any CPU = Debug|Any CPU
		Release|Any CPU = Release|Any CPU
	EndGlobalSection
	GlobalSection(ProjectConfigurationPlatforms) = postSolution
		{BD81984A-8D04-43CC-B29F-4D13622A0950}.Debug|Any CPU.ActiveCfg = Debug|Any CPU
		{BD81984A-8D04-43CC-B29F-4D13622A0950}.Debug|Any CPU.Build.0 = Debug|Any CPU
		{BD81984A-8D04-43CC-B29F-4D13622A0950}.Release|Any CPU.ActiveCfg = Release|Any CPU
		{BD81984A-8D04-43CC-B29F-4D13622A0950}.Release|Any CPU.Build.0 = Release|Any CPU
		{D88E91B4-9F33-4442-9951-3B58B7EAF8C0}.Debug|Any CPU.ActiveCfg = Debug|Any CPU
		{D88E91B4-9F33-4442-9951-3B58B7EAF8C0}.Debug|Any CPU.Build.0 = Debug|Any CPU
		{D88E91B4-9F33-4442-9951-3B58B7EAF8C0}.Release|Any CPU.ActiveCfg = Release|Any CPU
		{D88E91B4-9F33-4442-9951-3B58B7EAF8C0}.Release|Any CPU.Build.0 = Release|Any CPU
		{E59550DE-1D8F-49F1-B0CD-E77DF18D4123}.Debug|Any CPU.ActiveCfg = Debug|Any CPU
		{E59550DE-1D8F-49F1-B0CD-E77DF18D4123}.Debug|Any CPU.Build.0 = Debug|Any CPU
		{E59550DE-1D8F-49F1-B0CD-E77DF18D4123}.Release|Any CPU.ActiveCfg = Release|Any CPU
		{E59550DE-1D8F-49F1-B0CD-E77DF18D4123}.Release|Any CPU.Build.0 = Release|Any CPU
		{66D3DDFB-C23A-40EA-BCF1-F1B7D1841B4A}.Debug|Any CPU.ActiveCfg = Debug|Any CPU
		{66D3DDFB-C23A-40EA-BCF1-F1B7D1841B4A}.Debug|Any CPU.Build.0 = Debug|Any CPU
		{66D3DDFB-C23A-40EA-BCF1-F1B7D1841B4A}.Release|Any CPU.ActiveCfg = Release|Any CPU
		{66D3DDFB-C23A-40EA-BCF1-F1B7D1841B4A}.Release|Any CPU.Build.0 = Release|Any CPU
		{1FDBD5FA-894A-460F-9404-F4BBF802D07D}.Debug|Any CPU.ActiveCfg = Debug|Any CPU
		{1FDBD5FA-894A-460F-9404-F4BBF802D07D}.Debug|Any CPU.Build.0 = Debug|Any CPU
		{1FDBD5FA-894A-460F-9404-F4BBF802D07D}.Release|Any CPU.ActiveCfg = Release|Any CPU
		{1FDBD5FA-894A-460F-9404-F4BBF802D07D}.Release|Any CPU.Build.0 = Release|Any CPU
		{7539F8E2-D04A-426B-8F4D-8A7DFEEBF5BB}.Debug|Any CPU.ActiveCfg = Debug|Any CPU
		{7539F8E2-D04A-426B-8F4D-8A7DFEEBF5BB}.Debug|Any CPU.Build.0 = Debug|Any CPU
		{7539F8E2-D04A-426B-8F4D-8A7DFEEBF5BB}.Release|Any CPU.ActiveCfg = Release|Any CPU
		{7539F8E2-D04A-426B-8F4D-8A7DFEEBF5BB}.Release|Any CPU.Build.0 = Release|Any CPU
		{B486841F-72E3-43A3-A990-A25D85973834}.Debug|Any CPU.ActiveCfg = Debug|Any CPU
		{B486841F-72E3-43A3-A990-A25D85973834}.Debug|Any CPU.Build.0 = Debug|Any CPU
		{B486841F-72E3-43A3-A990-A25D85973834}.Release|Any CPU.ActiveCfg = Release|Any CPU
		{B486841F-72E3-43A3-A990-A25D85973834}.Release|Any CPU.Build.0 = Release|Any CPU
		{7E73E0D0-9404-415C-BDD4-921E5489A6D9}.Debug|Any CPU.ActiveCfg = Debug|Any CPU
		{7E73E0D0-9404-415C-BDD4-921E5489A6D9}.Debug|Any CPU.Build.0 = Debug|Any CPU
		{7E73E0D0-9404-415C-BDD4-921E5489A6D9}.Release|Any CPU.ActiveCfg = Release|Any CPU
		{7E73E0D0-9404-415C-BDD4-921E5489A6D9}.Release|Any CPU.Build.0 = Release|Any CPU
		{A617EDC4-8FEF-4D52-A87E-AB6AABF3A232}.Debug|Any CPU.ActiveCfg = Debug|Any CPU
		{A617EDC4-8FEF-4D52-A87E-AB6AABF3A232}.Debug|Any CPU.Build.0 = Debug|Any CPU
		{A617EDC4-8FEF-4D52-A87E-AB6AABF3A232}.Release|Any CPU.ActiveCfg = Release|Any CPU
		{A617EDC4-8FEF-4D52-A87E-AB6AABF3A232}.Release|Any CPU.Build.0 = Release|Any CPU
		{FED2EDD2-0051-48EC-A99E-7092EBE6924C}.Debug|Any CPU.ActiveCfg = Debug|Any CPU
		{FED2EDD2-0051-48EC-A99E-7092EBE6924C}.Debug|Any CPU.Build.0 = Debug|Any CPU
		{FED2EDD2-0051-48EC-A99E-7092EBE6924C}.Release|Any CPU.ActiveCfg = Release|Any CPU
		{FED2EDD2-0051-48EC-A99E-7092EBE6924C}.Release|Any CPU.Build.0 = Release|Any CPU
		{24B0AA20-36EA-4FA1-ACBC-EEF1D02FB87A}.Debug|Any CPU.ActiveCfg = Debug|Any CPU
		{24B0AA20-36EA-4FA1-ACBC-EEF1D02FB87A}.Debug|Any CPU.Build.0 = Debug|Any CPU
		{24B0AA20-36EA-4FA1-ACBC-EEF1D02FB87A}.Release|Any CPU.ActiveCfg = Release|Any CPU
		{24B0AA20-36EA-4FA1-ACBC-EEF1D02FB87A}.Release|Any CPU.Build.0 = Release|Any CPU
		{0F217F45-14B0-403A-BDD5-7262A5A01137}.Debug|Any CPU.ActiveCfg = Debug|Any CPU
		{0F217F45-14B0-403A-BDD5-7262A5A01137}.Debug|Any CPU.Build.0 = Debug|Any CPU
		{0F217F45-14B0-403A-BDD5-7262A5A01137}.Release|Any CPU.ActiveCfg = Release|Any CPU
		{0F217F45-14B0-403A-BDD5-7262A5A01137}.Release|Any CPU.Build.0 = Release|Any CPU
		{7CA1DC4E-8271-4E9B-B192-4F136FE45C92}.Debug|Any CPU.ActiveCfg = Debug|Any CPU
		{7CA1DC4E-8271-4E9B-B192-4F136FE45C92}.Debug|Any CPU.Build.0 = Debug|Any CPU
		{7CA1DC4E-8271-4E9B-B192-4F136FE45C92}.Release|Any CPU.ActiveCfg = Release|Any CPU
		{7CA1DC4E-8271-4E9B-B192-4F136FE45C92}.Release|Any CPU.Build.0 = Release|Any CPU
		{34FF65A1-7B6D-43B4-AEE4-016F9C55E141}.Debug|Any CPU.ActiveCfg = Debug|Any CPU
		{34FF65A1-7B6D-43B4-AEE4-016F9C55E141}.Debug|Any CPU.Build.0 = Debug|Any CPU
		{34FF65A1-7B6D-43B4-AEE4-016F9C55E141}.Release|Any CPU.ActiveCfg = Release|Any CPU
		{34FF65A1-7B6D-43B4-AEE4-016F9C55E141}.Release|Any CPU.Build.0 = Release|Any CPU
		{652152CE-89E3-45AA-B146-E9CB3D02D21D}.Debug|Any CPU.ActiveCfg = Debug|Any CPU
		{652152CE-89E3-45AA-B146-E9CB3D02D21D}.Debug|Any CPU.Build.0 = Debug|Any CPU
		{652152CE-89E3-45AA-B146-E9CB3D02D21D}.Release|Any CPU.ActiveCfg = Release|Any CPU
		{652152CE-89E3-45AA-B146-E9CB3D02D21D}.Release|Any CPU.Build.0 = Release|Any CPU
		{2AA1F01A-6AFB-4A65-8467-E469DF5E39EA}.Debug|Any CPU.ActiveCfg = Debug|Any CPU
		{2AA1F01A-6AFB-4A65-8467-E469DF5E39EA}.Debug|Any CPU.Build.0 = Debug|Any CPU
		{2AA1F01A-6AFB-4A65-8467-E469DF5E39EA}.Release|Any CPU.ActiveCfg = Release|Any CPU
		{2AA1F01A-6AFB-4A65-8467-E469DF5E39EA}.Release|Any CPU.Build.0 = Release|Any CPU
		{310DF826-C010-4FFC-80C2-872323262CFF}.Debug|Any CPU.ActiveCfg = Debug|Any CPU
		{310DF826-C010-4FFC-80C2-872323262CFF}.Debug|Any CPU.Build.0 = Debug|Any CPU
		{310DF826-C010-4FFC-80C2-872323262CFF}.Release|Any CPU.ActiveCfg = Release|Any CPU
		{310DF826-C010-4FFC-80C2-872323262CFF}.Release|Any CPU.Build.0 = Release|Any CPU
		{7B6BECF2-4AE1-4D6B-8497-E99494E81024}.Debug|Any CPU.ActiveCfg = Debug|Any CPU
		{7B6BECF2-4AE1-4D6B-8497-E99494E81024}.Debug|Any CPU.Build.0 = Debug|Any CPU
		{7B6BECF2-4AE1-4D6B-8497-E99494E81024}.Release|Any CPU.ActiveCfg = Release|Any CPU
		{7B6BECF2-4AE1-4D6B-8497-E99494E81024}.Release|Any CPU.Build.0 = Release|Any CPU
		{763347D7-9D5F-4656-9FBA-036E50ADA04F}.Debug|Any CPU.ActiveCfg = Debug|Any CPU
		{763347D7-9D5F-4656-9FBA-036E50ADA04F}.Debug|Any CPU.Build.0 = Debug|Any CPU
		{763347D7-9D5F-4656-9FBA-036E50ADA04F}.Release|Any CPU.ActiveCfg = Release|Any CPU
		{763347D7-9D5F-4656-9FBA-036E50ADA04F}.Release|Any CPU.Build.0 = Release|Any CPU
		{11BBB184-98A9-4E16-BE77-45632972DB21}.Debug|Any CPU.ActiveCfg = Debug|Any CPU
		{11BBB184-98A9-4E16-BE77-45632972DB21}.Debug|Any CPU.Build.0 = Debug|Any CPU
		{11BBB184-98A9-4E16-BE77-45632972DB21}.Release|Any CPU.ActiveCfg = Release|Any CPU
		{11BBB184-98A9-4E16-BE77-45632972DB21}.Release|Any CPU.Build.0 = Release|Any CPU
		{5A05B96B-DEB1-4A06-9EAA-6550F251C248}.Debug|Any CPU.ActiveCfg = Debug|Any CPU
		{5A05B96B-DEB1-4A06-9EAA-6550F251C248}.Debug|Any CPU.Build.0 = Debug|Any CPU
		{5A05B96B-DEB1-4A06-9EAA-6550F251C248}.Release|Any CPU.ActiveCfg = Release|Any CPU
		{5A05B96B-DEB1-4A06-9EAA-6550F251C248}.Release|Any CPU.Build.0 = Release|Any CPU
		{5EAA0BBD-976C-4952-803C-2EE2B4090BBD}.Debug|Any CPU.ActiveCfg = Debug|Any CPU
		{5EAA0BBD-976C-4952-803C-2EE2B4090BBD}.Debug|Any CPU.Build.0 = Debug|Any CPU
		{5EAA0BBD-976C-4952-803C-2EE2B4090BBD}.Release|Any CPU.ActiveCfg = Release|Any CPU
		{5EAA0BBD-976C-4952-803C-2EE2B4090BBD}.Release|Any CPU.Build.0 = Release|Any CPU
		{A228236D-B2D8-4952-8259-1C394F39AD07}.Debug|Any CPU.ActiveCfg = Debug|Any CPU
		{A228236D-B2D8-4952-8259-1C394F39AD07}.Debug|Any CPU.Build.0 = Debug|Any CPU
		{A228236D-B2D8-4952-8259-1C394F39AD07}.Release|Any CPU.ActiveCfg = Release|Any CPU
		{A228236D-B2D8-4952-8259-1C394F39AD07}.Release|Any CPU.Build.0 = Release|Any CPU
		{70C0D352-3EAE-4229-BAAB-0721602E4BD1}.Debug|Any CPU.ActiveCfg = Debug|Any CPU
		{70C0D352-3EAE-4229-BAAB-0721602E4BD1}.Debug|Any CPU.Build.0 = Debug|Any CPU
		{70C0D352-3EAE-4229-BAAB-0721602E4BD1}.Release|Any CPU.ActiveCfg = Release|Any CPU
		{70C0D352-3EAE-4229-BAAB-0721602E4BD1}.Release|Any CPU.Build.0 = Release|Any CPU
		{78DE7A1F-3ACA-46DF-AB81-9DAFD88E9AEE}.Debug|Any CPU.ActiveCfg = Debug|Any CPU
		{78DE7A1F-3ACA-46DF-AB81-9DAFD88E9AEE}.Debug|Any CPU.Build.0 = Debug|Any CPU
		{78DE7A1F-3ACA-46DF-AB81-9DAFD88E9AEE}.Release|Any CPU.ActiveCfg = Release|Any CPU
		{78DE7A1F-3ACA-46DF-AB81-9DAFD88E9AEE}.Release|Any CPU.Build.0 = Release|Any CPU
		{DAE2FFF6-99BD-474B-9B05-D62136746550}.Debug|Any CPU.ActiveCfg = Debug|Any CPU
		{DAE2FFF6-99BD-474B-9B05-D62136746550}.Debug|Any CPU.Build.0 = Debug|Any CPU
		{DAE2FFF6-99BD-474B-9B05-D62136746550}.Release|Any CPU.ActiveCfg = Release|Any CPU
		{DAE2FFF6-99BD-474B-9B05-D62136746550}.Release|Any CPU.Build.0 = Release|Any CPU
		{1C5BA4A0-A541-48BF-9FEB-EC68B118BE4C}.Debug|Any CPU.ActiveCfg = Debug|Any CPU
		{1C5BA4A0-A541-48BF-9FEB-EC68B118BE4C}.Debug|Any CPU.Build.0 = Debug|Any CPU
		{1C5BA4A0-A541-48BF-9FEB-EC68B118BE4C}.Release|Any CPU.ActiveCfg = Release|Any CPU
		{1C5BA4A0-A541-48BF-9FEB-EC68B118BE4C}.Release|Any CPU.Build.0 = Release|Any CPU
		{FB896374-9BE9-4557-90CB-FECA44CA1179}.Debug|Any CPU.ActiveCfg = Debug|Any CPU
		{FB896374-9BE9-4557-90CB-FECA44CA1179}.Debug|Any CPU.Build.0 = Debug|Any CPU
		{FB896374-9BE9-4557-90CB-FECA44CA1179}.Release|Any CPU.ActiveCfg = Release|Any CPU
		{FB896374-9BE9-4557-90CB-FECA44CA1179}.Release|Any CPU.Build.0 = Release|Any CPU
		{ED38B68A-2677-4ABA-BC52-0DF70C57450B}.Debug|Any CPU.ActiveCfg = Debug|Any CPU
		{ED38B68A-2677-4ABA-BC52-0DF70C57450B}.Debug|Any CPU.Build.0 = Debug|Any CPU
		{ED38B68A-2677-4ABA-BC52-0DF70C57450B}.Release|Any CPU.ActiveCfg = Release|Any CPU
		{ED38B68A-2677-4ABA-BC52-0DF70C57450B}.Release|Any CPU.Build.0 = Release|Any CPU
		{4532C14E-599B-4D5F-92BE-DCB4062004AE}.Debug|Any CPU.ActiveCfg = Debug|Any CPU
		{4532C14E-599B-4D5F-92BE-DCB4062004AE}.Debug|Any CPU.Build.0 = Debug|Any CPU
		{4532C14E-599B-4D5F-92BE-DCB4062004AE}.Release|Any CPU.ActiveCfg = Release|Any CPU
		{4532C14E-599B-4D5F-92BE-DCB4062004AE}.Release|Any CPU.Build.0 = Release|Any CPU
		{077A499D-9F30-4FCA-A367-835D168313C4}.Debug|Any CPU.ActiveCfg = Debug|Any CPU
		{077A499D-9F30-4FCA-A367-835D168313C4}.Debug|Any CPU.Build.0 = Debug|Any CPU
		{077A499D-9F30-4FCA-A367-835D168313C4}.Release|Any CPU.ActiveCfg = Release|Any CPU
		{077A499D-9F30-4FCA-A367-835D168313C4}.Release|Any CPU.Build.0 = Release|Any CPU
		{D6EA68B4-39A8-4133-8194-E079BEBF38FA}.Debug|Any CPU.ActiveCfg = Debug|Any CPU
		{D6EA68B4-39A8-4133-8194-E079BEBF38FA}.Debug|Any CPU.Build.0 = Debug|Any CPU
		{D6EA68B4-39A8-4133-8194-E079BEBF38FA}.Release|Any CPU.ActiveCfg = Release|Any CPU
		{D6EA68B4-39A8-4133-8194-E079BEBF38FA}.Release|Any CPU.Build.0 = Release|Any CPU
		{F3A5E591-6406-4A1C-87F3-035216EA42E0}.Debug|Any CPU.ActiveCfg = Debug|Any CPU
		{F3A5E591-6406-4A1C-87F3-035216EA42E0}.Debug|Any CPU.Build.0 = Debug|Any CPU
		{F3A5E591-6406-4A1C-87F3-035216EA42E0}.Release|Any CPU.ActiveCfg = Release|Any CPU
		{F3A5E591-6406-4A1C-87F3-035216EA42E0}.Release|Any CPU.Build.0 = Release|Any CPU
		{359FD25C-F98F-41B8-B8A0-A30D937AB4BA}.Debug|Any CPU.ActiveCfg = Debug|Any CPU
		{359FD25C-F98F-41B8-B8A0-A30D937AB4BA}.Debug|Any CPU.Build.0 = Debug|Any CPU
		{359FD25C-F98F-41B8-B8A0-A30D937AB4BA}.Release|Any CPU.ActiveCfg = Release|Any CPU
		{359FD25C-F98F-41B8-B8A0-A30D937AB4BA}.Release|Any CPU.Build.0 = Release|Any CPU
		{43246301-57A2-485E-9201-D6AB1499DE00}.Debug|Any CPU.ActiveCfg = Debug|Any CPU
		{43246301-57A2-485E-9201-D6AB1499DE00}.Debug|Any CPU.Build.0 = Debug|Any CPU
		{43246301-57A2-485E-9201-D6AB1499DE00}.Release|Any CPU.ActiveCfg = Release|Any CPU
		{43246301-57A2-485E-9201-D6AB1499DE00}.Release|Any CPU.Build.0 = Release|Any CPU
		{3E930A67-73BF-4ADF-B86A-7EA6D7FBC4A8}.Debug|Any CPU.ActiveCfg = Debug|Any CPU
		{3E930A67-73BF-4ADF-B86A-7EA6D7FBC4A8}.Debug|Any CPU.Build.0 = Debug|Any CPU
		{3E930A67-73BF-4ADF-B86A-7EA6D7FBC4A8}.Release|Any CPU.ActiveCfg = Release|Any CPU
		{3E930A67-73BF-4ADF-B86A-7EA6D7FBC4A8}.Release|Any CPU.Build.0 = Release|Any CPU
		{866D692F-A37B-4489-A4BB-EC90A5F36C0F}.Debug|Any CPU.ActiveCfg = Debug|Any CPU
		{866D692F-A37B-4489-A4BB-EC90A5F36C0F}.Debug|Any CPU.Build.0 = Debug|Any CPU
		{866D692F-A37B-4489-A4BB-EC90A5F36C0F}.Release|Any CPU.ActiveCfg = Release|Any CPU
		{866D692F-A37B-4489-A4BB-EC90A5F36C0F}.Release|Any CPU.Build.0 = Release|Any CPU
		{73D52994-3AB8-477A-8041-06BFA545E172}.Debug|Any CPU.ActiveCfg = Debug|Any CPU
		{73D52994-3AB8-477A-8041-06BFA545E172}.Debug|Any CPU.Build.0 = Debug|Any CPU
		{73D52994-3AB8-477A-8041-06BFA545E172}.Release|Any CPU.ActiveCfg = Release|Any CPU
		{73D52994-3AB8-477A-8041-06BFA545E172}.Release|Any CPU.Build.0 = Release|Any CPU
		{9513FC41-6BD2-4EAD-8795-9534BE30C1F6}.Debug|Any CPU.ActiveCfg = Debug|Any CPU
		{9513FC41-6BD2-4EAD-8795-9534BE30C1F6}.Debug|Any CPU.Build.0 = Debug|Any CPU
		{9513FC41-6BD2-4EAD-8795-9534BE30C1F6}.Release|Any CPU.ActiveCfg = Release|Any CPU
		{9513FC41-6BD2-4EAD-8795-9534BE30C1F6}.Release|Any CPU.Build.0 = Release|Any CPU
		{97C764C2-90F3-465C-A3EA-79B3D6FE4D0D}.Debug|Any CPU.ActiveCfg = Debug|Any CPU
		{97C764C2-90F3-465C-A3EA-79B3D6FE4D0D}.Debug|Any CPU.Build.0 = Debug|Any CPU
		{97C764C2-90F3-465C-A3EA-79B3D6FE4D0D}.Release|Any CPU.ActiveCfg = Release|Any CPU
		{97C764C2-90F3-465C-A3EA-79B3D6FE4D0D}.Release|Any CPU.Build.0 = Release|Any CPU
		{0F5CD102-0F0A-4DA0-B7BF-6D9FA0CD9A93}.Debug|Any CPU.ActiveCfg = Debug|Any CPU
		{0F5CD102-0F0A-4DA0-B7BF-6D9FA0CD9A93}.Debug|Any CPU.Build.0 = Debug|Any CPU
		{0F5CD102-0F0A-4DA0-B7BF-6D9FA0CD9A93}.Release|Any CPU.ActiveCfg = Release|Any CPU
		{0F5CD102-0F0A-4DA0-B7BF-6D9FA0CD9A93}.Release|Any CPU.Build.0 = Release|Any CPU
		{7BA4098D-CBEB-46CA-B144-26176505BF60}.Debug|Any CPU.ActiveCfg = Debug|Any CPU
		{7BA4098D-CBEB-46CA-B144-26176505BF60}.Debug|Any CPU.Build.0 = Debug|Any CPU
		{7BA4098D-CBEB-46CA-B144-26176505BF60}.Release|Any CPU.ActiveCfg = Release|Any CPU
		{7BA4098D-CBEB-46CA-B144-26176505BF60}.Release|Any CPU.Build.0 = Release|Any CPU
		{61CF2894-9695-426E-AC89-152A5048FDCB}.Debug|Any CPU.ActiveCfg = Debug|Any CPU
		{61CF2894-9695-426E-AC89-152A5048FDCB}.Debug|Any CPU.Build.0 = Debug|Any CPU
		{61CF2894-9695-426E-AC89-152A5048FDCB}.Release|Any CPU.ActiveCfg = Release|Any CPU
		{61CF2894-9695-426E-AC89-152A5048FDCB}.Release|Any CPU.Build.0 = Release|Any CPU
		{C389C2DB-CAF7-47AF-8C08-C91E4463EABF}.Debug|Any CPU.ActiveCfg = Debug|Any CPU
		{C389C2DB-CAF7-47AF-8C08-C91E4463EABF}.Debug|Any CPU.Build.0 = Debug|Any CPU
		{C389C2DB-CAF7-47AF-8C08-C91E4463EABF}.Release|Any CPU.ActiveCfg = Release|Any CPU
		{C389C2DB-CAF7-47AF-8C08-C91E4463EABF}.Release|Any CPU.Build.0 = Release|Any CPU
		{B92DE4CA-9A1C-4D25-85FB-6462D5727C77}.Debug|Any CPU.ActiveCfg = Debug|Any CPU
		{B92DE4CA-9A1C-4D25-85FB-6462D5727C77}.Debug|Any CPU.Build.0 = Debug|Any CPU
		{B92DE4CA-9A1C-4D25-85FB-6462D5727C77}.Release|Any CPU.ActiveCfg = Release|Any CPU
		{B92DE4CA-9A1C-4D25-85FB-6462D5727C77}.Release|Any CPU.Build.0 = Release|Any CPU
		{298CBD65-33DD-439E-905C-27CD01303CAE}.Debug|Any CPU.ActiveCfg = Debug|Any CPU
		{298CBD65-33DD-439E-905C-27CD01303CAE}.Debug|Any CPU.Build.0 = Debug|Any CPU
		{298CBD65-33DD-439E-905C-27CD01303CAE}.Release|Any CPU.ActiveCfg = Release|Any CPU
		{298CBD65-33DD-439E-905C-27CD01303CAE}.Release|Any CPU.Build.0 = Release|Any CPU
		{D664DB99-E5CE-47FE-842A-750528675DCF}.Debug|Any CPU.ActiveCfg = Debug|Any CPU
		{D664DB99-E5CE-47FE-842A-750528675DCF}.Debug|Any CPU.Build.0 = Debug|Any CPU
		{D664DB99-E5CE-47FE-842A-750528675DCF}.Release|Any CPU.ActiveCfg = Release|Any CPU
		{D664DB99-E5CE-47FE-842A-750528675DCF}.Release|Any CPU.Build.0 = Release|Any CPU
		{F975E0E1-69DE-4446-AA51-93CDBE5C0ACA}.Debug|Any CPU.ActiveCfg = Debug|Any CPU
		{F975E0E1-69DE-4446-AA51-93CDBE5C0ACA}.Debug|Any CPU.Build.0 = Debug|Any CPU
		{F975E0E1-69DE-4446-AA51-93CDBE5C0ACA}.Release|Any CPU.ActiveCfg = Release|Any CPU
		{F975E0E1-69DE-4446-AA51-93CDBE5C0ACA}.Release|Any CPU.Build.0 = Release|Any CPU
		{628ACE0E-77D5-4AAE-B1B6-8432983C3EF9}.Debug|Any CPU.ActiveCfg = Debug|Any CPU
		{628ACE0E-77D5-4AAE-B1B6-8432983C3EF9}.Debug|Any CPU.Build.0 = Debug|Any CPU
		{628ACE0E-77D5-4AAE-B1B6-8432983C3EF9}.Release|Any CPU.ActiveCfg = Release|Any CPU
		{628ACE0E-77D5-4AAE-B1B6-8432983C3EF9}.Release|Any CPU.Build.0 = Release|Any CPU
		{6647F492-FB03-4BC2-ACE9-010158244A2A}.Debug|Any CPU.ActiveCfg = Debug|Any CPU
		{6647F492-FB03-4BC2-ACE9-010158244A2A}.Debug|Any CPU.Build.0 = Debug|Any CPU
		{6647F492-FB03-4BC2-ACE9-010158244A2A}.Release|Any CPU.ActiveCfg = Release|Any CPU
		{6647F492-FB03-4BC2-ACE9-010158244A2A}.Release|Any CPU.Build.0 = Release|Any CPU
		{A8591BF0-AE80-40F4-B9B8-145E915DBAAA}.Debug|Any CPU.ActiveCfg = Debug|Any CPU
		{A8591BF0-AE80-40F4-B9B8-145E915DBAAA}.Debug|Any CPU.Build.0 = Debug|Any CPU
		{A8591BF0-AE80-40F4-B9B8-145E915DBAAA}.Release|Any CPU.ActiveCfg = Release|Any CPU
		{A8591BF0-AE80-40F4-B9B8-145E915DBAAA}.Release|Any CPU.Build.0 = Release|Any CPU
		{4AD4E4BB-27A9-41DB-9199-0D34D0F177FE}.Debug|Any CPU.ActiveCfg = Debug|Any CPU
		{4AD4E4BB-27A9-41DB-9199-0D34D0F177FE}.Debug|Any CPU.Build.0 = Debug|Any CPU
		{4AD4E4BB-27A9-41DB-9199-0D34D0F177FE}.Release|Any CPU.ActiveCfg = Release|Any CPU
		{4AD4E4BB-27A9-41DB-9199-0D34D0F177FE}.Release|Any CPU.Build.0 = Release|Any CPU
		{2CA71ADF-CF84-41CC-A81D-CE37146822E0}.Debug|Any CPU.ActiveCfg = Debug|Any CPU
		{2CA71ADF-CF84-41CC-A81D-CE37146822E0}.Debug|Any CPU.Build.0 = Debug|Any CPU
		{2CA71ADF-CF84-41CC-A81D-CE37146822E0}.Release|Any CPU.ActiveCfg = Release|Any CPU
		{2CA71ADF-CF84-41CC-A81D-CE37146822E0}.Release|Any CPU.Build.0 = Release|Any CPU
		{1EF26C55-F81D-4D21-B7B3-EC5DDC2C8670}.Debug|Any CPU.ActiveCfg = Debug|Any CPU
		{1EF26C55-F81D-4D21-B7B3-EC5DDC2C8670}.Debug|Any CPU.Build.0 = Debug|Any CPU
		{1EF26C55-F81D-4D21-B7B3-EC5DDC2C8670}.Release|Any CPU.ActiveCfg = Release|Any CPU
		{1EF26C55-F81D-4D21-B7B3-EC5DDC2C8670}.Release|Any CPU.Build.0 = Release|Any CPU
	EndGlobalSection
	GlobalSection(SolutionProperties) = preSolution
		HideSolutionNode = FALSE
	EndGlobalSection
	GlobalSection(NestedProjects) = preSolution
		{BD81984A-8D04-43CC-B29F-4D13622A0950} = {6F364ECB-76BE-42E0-96D8-36DD069F95ED}
		{D88E91B4-9F33-4442-9951-3B58B7EAF8C0} = {AE3C234A-ADA3-4990-B661-C50F493028A3}
		{E59550DE-1D8F-49F1-B0CD-E77DF18D4123} = {AE3C234A-ADA3-4990-B661-C50F493028A3}
		{66D3DDFB-C23A-40EA-BCF1-F1B7D1841B4A} = {A5D24445-342F-4173-A314-78D98A5CDC46}
		{1FDBD5FA-894A-460F-9404-F4BBF802D07D} = {A5D24445-342F-4173-A314-78D98A5CDC46}
		{7539F8E2-D04A-426B-8F4D-8A7DFEEBF5BB} = {AE3C234A-ADA3-4990-B661-C50F493028A3}
		{2AA1F01A-6AFB-4A65-8467-E469DF5E39EA} = {72F33E4E-B236-4880-86E4-4E809C09A892}
		{310DF826-C010-4FFC-80C2-872323262CFF} = {72F33E4E-B236-4880-86E4-4E809C09A892}
		{763347D7-9D5F-4656-9FBA-036E50ADA04F} = {AE3C234A-ADA3-4990-B661-C50F493028A3}
		{11BBB184-98A9-4E16-BE77-45632972DB21} = {AE3C234A-ADA3-4990-B661-C50F493028A3}
		{DAE2FFF6-99BD-474B-9B05-D62136746550} = {87C0C9BE-1159-4D8E-9103-D07E9A769F76}
		{F3A5E591-6406-4A1C-87F3-035216EA42E0} = {AE3C234A-ADA3-4990-B661-C50F493028A3}
		{359FD25C-F98F-41B8-B8A0-A30D937AB4BA} = {AE3C234A-ADA3-4990-B661-C50F493028A3}
		{43246301-57A2-485E-9201-D6AB1499DE00} = {AE3C234A-ADA3-4990-B661-C50F493028A3}
		{3E930A67-73BF-4ADF-B86A-7EA6D7FBC4A8} = {AE3C234A-ADA3-4990-B661-C50F493028A3}
		{866D692F-A37B-4489-A4BB-EC90A5F36C0F} = {AE3C234A-ADA3-4990-B661-C50F493028A3}
		{73D52994-3AB8-477A-8041-06BFA545E172} = {03618F33-C0F4-436D-BA3C-A14EC3894F1F}
		{9513FC41-6BD2-4EAD-8795-9534BE30C1F6} = {03618F33-C0F4-436D-BA3C-A14EC3894F1F}
		{97C764C2-90F3-465C-A3EA-79B3D6FE4D0D} = {03618F33-C0F4-436D-BA3C-A14EC3894F1F}
		{03618F33-C0F4-436D-BA3C-A14EC3894F1F} = {6F364ECB-76BE-42E0-96D8-36DD069F95ED}
		{0F5CD102-0F0A-4DA0-B7BF-6D9FA0CD9A93} = {03618F33-C0F4-436D-BA3C-A14EC3894F1F}
		{B92DE4CA-9A1C-4D25-85FB-6462D5727C77} = {AE3C234A-ADA3-4990-B661-C50F493028A3}
		{D664DB99-E5CE-47FE-842A-750528675DCF} = {077F5E93-E83F-447B-9F4E-A1C2F3CCEA39}
		{077F5E93-E83F-447B-9F4E-A1C2F3CCEA39} = {6F364ECB-76BE-42E0-96D8-36DD069F95ED}
		{F975E0E1-69DE-4446-AA51-93CDBE5C0ACA} = {077F5E93-E83F-447B-9F4E-A1C2F3CCEA39}
		{628ACE0E-77D5-4AAE-B1B6-8432983C3EF9} = {077F5E93-E83F-447B-9F4E-A1C2F3CCEA39}
		{6647F492-FB03-4BC2-ACE9-010158244A2A} = {077F5E93-E83F-447B-9F4E-A1C2F3CCEA39}
		{A8591BF0-AE80-40F4-B9B8-145E915DBAAA} = {6F364ECB-76BE-42E0-96D8-36DD069F95ED}
		{4AD4E4BB-27A9-41DB-9199-0D34D0F177FE} = {6F364ECB-76BE-42E0-96D8-36DD069F95ED}
		{2CA71ADF-CF84-41CC-A81D-CE37146822E0} = {6F364ECB-76BE-42E0-96D8-36DD069F95ED}
		{1EF26C55-F81D-4D21-B7B3-EC5DDC2C8670} = {6F364ECB-76BE-42E0-96D8-36DD069F95ED}
	EndGlobalSection
	GlobalSection(ExtensibilityGlobals) = postSolution
		SolutionGuid = {B9F693E7-6A4E-4EEC-8474-82209B8E4094}
	EndGlobalSection
EndGlobal
